
Microsoft Visual Studio Solution File, Format Version 12.00
# Visual Studio Version 16
VisualStudioVersion = 16.0.31424.327
MinimumVisualStudioVersion = 10.0.40219.1
Project("{FAE04EC0-301F-11D3-BF4B-00C04F79EFBC}") = "RealmTry.Android", "RealmTry\RealmTry.Android\RealmTry.Android.csproj", "{827ED2AD-873C-4EE8-A534-FB0353489169}"
EndProject
Project("{FAE04EC0-301F-11D3-BF4B-00C04F79EFBC}") = "RealmTry.iOS", "RealmTry\RealmTry.iOS\RealmTry.iOS.csproj", "{5B1E6D27-FE85-4093-8296-44DD45E766FA}"
EndProject
Project("{FAE04EC0-301F-11D3-BF4B-00C04F79EFBC}") = "RealmTry", "RealmTry\RealmTry\RealmTry.csproj", "{8A6CE952-8073-4EF3-AF30-35C8BFA75A7C}"
EndProject
Global
	GlobalSection(SolutionConfigurationPlatforms) = preSolution
		Debug|Any CPU = Debug|Any CPU
		Debug|iPhone = Debug|iPhone
		Debug|iPhoneSimulator = Debug|iPhoneSimulator
		Release|Any CPU = Release|Any CPU
		Release|iPhone = Release|iPhone
		Release|iPhoneSimulator = Release|iPhoneSimulator
	EndGlobalSection
	GlobalSection(ProjectConfigurationPlatforms) = postSolution
		{827ED2AD-873C-4EE8-A534-FB0353489169}.Debug|Any CPU.ActiveCfg = Debug|Any CPU
		{827ED2AD-873C-4EE8-A534-FB0353489169}.Debug|Any CPU.Build.0 = Debug|Any CPU
		{827ED2AD-873C-4EE8-A534-FB0353489169}.Debug|Any CPU.Deploy.0 = Debug|Any CPU
		{827ED2AD-873C-4EE8-A534-FB0353489169}.Debug|iPhone.ActiveCfg = Debug|Any CPU
		{827ED2AD-873C-4EE8-A534-FB0353489169}.Debug|iPhone.Build.0 = Debug|Any CPU
		{827ED2AD-873C-4EE8-A534-FB0353489169}.Debug|iPhone.Deploy.0 = Debug|Any CPU
		{827ED2AD-873C-4EE8-A534-FB0353489169}.Debug|iPhoneSimulator.ActiveCfg = Debug|Any CPU
		{827ED2AD-873C-4EE8-A534-FB0353489169}.Debug|iPhoneSimulator.Build.0 = Debug|Any CPU
		{827ED2AD-873C-4EE8-A534-FB0353489169}.Debug|iPhoneSimulator.Deploy.0 = Debug|Any CPU
		{827ED2AD-873C-4EE8-A534-FB0353489169}.Release|Any CPU.ActiveCfg = Release|Any CPU
		{827ED2AD-873C-4EE8-A534-FB0353489169}.Release|Any CPU.Build.0 = Release|Any CPU
		{827ED2AD-873C-4EE8-A534-FB0353489169}.Release|Any CPU.Deploy.0 = Release|Any CPU
		{827ED2AD-873C-4EE8-A534-FB0353489169}.Release|iPhone.ActiveCfg = Release|Any CPU
		{827ED2AD-873C-4EE8-A534-FB0353489169}.Release|iPhone.Build.0 = Release|Any CPU
		{827ED2AD-873C-4EE8-A534-FB0353489169}.Release|iPhone.Deploy.0 = Release|Any CPU
		{827ED2AD-873C-4EE8-A534-FB0353489169}.Release|iPhoneSimulator.ActiveCfg = Release|Any CPU
		{827ED2AD-873C-4EE8-A534-FB0353489169}.Release|iPhoneSimulator.Build.0 = Release|Any CPU
		{827ED2AD-873C-4EE8-A534-FB0353489169}.Release|iPhoneSimulator.Deploy.0 = Release|Any CPU
		{5B1E6D27-FE85-4093-8296-44DD45E766FA}.Debug|Any CPU.ActiveCfg = Debug|iPhone
		{5B1E6D27-FE85-4093-8296-44DD45E766FA}.Debug|Any CPU.Build.0 = Debug|iPhone
		{5B1E6D27-FE85-4093-8296-44DD45E766FA}.Debug|Any CPU.Deploy.0 = Debug|iPhone
		{5B1E6D27-FE85-4093-8296-44DD45E766FA}.Debug|iPhone.ActiveCfg = Debug|iPhone
		{5B1E6D27-FE85-4093-8296-44DD45E766FA}.Debug|iPhone.Build.0 = Debug|iPhone
		{5B1E6D27-FE85-4093-8296-44DD45E766FA}.Debug|iPhone.Deploy.0 = Debug|iPhone
		{5B1E6D27-FE85-4093-8296-44DD45E766FA}.Debug|iPhoneSimulator.ActiveCfg = Debug|iPhoneSimulator
		{5B1E6D27-FE85-4093-8296-44DD45E766FA}.Debug|iPhoneSimulator.Build.0 = Debug|iPhoneSimulator
		{5B1E6D27-FE85-4093-8296-44DD45E766FA}.Debug|iPhoneSimulator.Deploy.0 = Debug|iPhoneSimulator
		{5B1E6D27-FE85-4093-8296-44DD45E766FA}.Release|Any CPU.ActiveCfg = Release|iPhoneSimulator
		{5B1E6D27-FE85-4093-8296-44DD45E766FA}.Release|Any CPU.Build.0 = Release|iPhoneSimulator
		{5B1E6D27-FE85-4093-8296-44DD45E766FA}.Release|Any CPU.Deploy.0 = Release|iPhoneSimulator
		{5B1E6D27-FE85-4093-8296-44DD45E766FA}.Release|iPhone.ActiveCfg = Release|iPhone
		{5B1E6D27-FE85-4093-8296-44DD45E766FA}.Release|iPhone.Build.0 = Release|iPhone
		{5B1E6D27-FE85-4093-8296-44DD45E766FA}.Release|iPhone.Deploy.0 = Release|iPhone
		{5B1E6D27-FE85-4093-8296-44DD45E766FA}.Release|iPhoneSimulator.ActiveCfg = Release|iPhoneSimulator
		{5B1E6D27-FE85-4093-8296-44DD45E766FA}.Release|iPhoneSimulator.Build.0 = Release|iPhoneSimulator
		{5B1E6D27-FE85-4093-8296-44DD45E766FA}.Release|iPhoneSimulator.Deploy.0 = Release|iPhoneSimulator
		{8A6CE952-8073-4EF3-AF30-35C8BFA75A7C}.Debug|Any CPU.ActiveCfg = Debug|Any CPU
		{8A6CE952-8073-4EF3-AF30-35C8BFA75A7C}.Debug|Any CPU.Build.0 = Debug|Any CPU
		{8A6CE952-8073-4EF3-AF30-35C8BFA75A7C}.Debug|Any CPU.Deploy.0 = Debug|Any CPU
		{8A6CE952-8073-4EF3-AF30-35C8BFA75A7C}.Debug|iPhone.ActiveCfg = Debug|Any CPU
		{8A6CE952-8073-4EF3-AF30-35C8BFA75A7C}.Debug|iPhone.Build.0 = Debug|Any CPU
		{8A6CE952-8073-4EF3-AF30-35C8BFA75A7C}.Debug|iPhone.Deploy.0 = Debug|Any CPU
		{8A6CE952-8073-4EF3-AF30-35C8BFA75A7C}.Debug|iPhoneSimulator.ActiveCfg = Debug|Any CPU
		{8A6CE952-8073-4EF3-AF30-35C8BFA75A7C}.Debug|iPhoneSimulator.Build.0 = Debug|Any CPU
		{8A6CE952-8073-4EF3-AF30-35C8BFA75A7C}.Debug|iPhoneSimulator.Deploy.0 = Debug|Any CPU
		{8A6CE952-8073-4EF3-AF30-35C8BFA75A7C}.Release|Any CPU.ActiveCfg = Release|Any CPU
		{8A6CE952-8073-4EF3-AF30-35C8BFA75A7C}.Release|Any CPU.Build.0 = Release|Any CPU
		{8A6CE952-8073-4EF3-AF30-35C8BFA75A7C}.Release|Any CPU.Deploy.0 = Release|Any CPU
		{8A6CE952-8073-4EF3-AF30-35C8BFA75A7C}.Release|iPhone.ActiveCfg = Release|Any CPU
		{8A6CE952-8073-4EF3-AF30-35C8BFA75A7C}.Release|iPhone.Build.0 = Release|Any CPU
		{8A6CE952-8073-4EF3-AF30-35C8BFA75A7C}.Release|iPhone.Deploy.0 = Release|Any CPU
		{8A6CE952-8073-4EF3-AF30-35C8BFA75A7C}.Release|iPhoneSimulator.ActiveCfg = Release|Any CPU
		{8A6CE952-8073-4EF3-AF30-35C8BFA75A7C}.Release|iPhoneSimulator.Build.0 = Release|Any CPU
		{8A6CE952-8073-4EF3-AF30-35C8BFA75A7C}.Release|iPhoneSimulator.Deploy.0 = Release|Any CPU
	EndGlobalSection
	GlobalSection(SolutionProperties) = preSolution
		HideSolutionNode = FALSE
	EndGlobalSection
	GlobalSection(ExtensibilityGlobals) = postSolution
		SolutionGuid = {D065BD39-81BC-45A1-A912-D0FD8DE2177B}
	EndGlobalSection
EndGlobal
